
Microsoft Visual Studio Solution File, Format Version 12.00
# Visual Studio Version 17
VisualStudioVersion = 17.0.31903.59
MinimumVisualStudioVersion = 10.0.40219.1
Project("{FAE04EC0-301F-11D3-BF4B-00C04F79EFBC}") = "AksPoc", "AksPoc.csproj", "{A3CB8BC5-0A21-4E63-A84B-DF1A15781ADF}"
EndProject
Global
	GlobalSection(SolutionConfigurationPlatforms) = preSolution
		Debug|Any CPU = Debug|Any CPU
		Release|Any CPU = Release|Any CPU
	EndGlobalSection
	GlobalSection(SolutionProperties) = preSolution
		HideSolutionNode = FALSE
	EndGlobalSection
	GlobalSection(ProjectConfigurationPlatforms) = postSolution
		{A3CB8BC5-0A21-4E63-A84B-DF1A15781ADF}.Debug|Any CPU.ActiveCfg = Debug|Any CPU
		{A3CB8BC5-0A21-4E63-A84B-DF1A15781ADF}.Debug|Any CPU.Build.0 = Debug|Any CPU
		{A3CB8BC5-0A21-4E63-A84B-DF1A15781ADF}.Release|Any CPU.ActiveCfg = Release|Any CPU
		{A3CB8BC5-0A21-4E63-A84B-DF1A15781ADF}.Release|Any CPU.Build.0 = Release|Any CPU
	EndGlobalSection
EndGlobal
